
Microsoft Visual Studio Solution File, Format Version 12.00
# Visual Studio Version 17
VisualStudioVersion = 17.0.32112.339
MinimumVisualStudioVersion = 10.0.40219.1
Project("{FAE04EC0-301F-11D3-BF4B-00C04F79EFBC}") = "INFT6303_TeamD_Project", "INFT6303_TeamD_Project\INFT6303_TeamD_Project.csproj", "{AAB11379-0238-4AD1-A941-6D972D5E7F40}"
EndProject
Global
	GlobalSection(SolutionConfigurationPlatforms) = preSolution
		Debug|Any CPU = Debug|Any CPU
		Release|Any CPU = Release|Any CPU
	EndGlobalSection
	GlobalSection(ProjectConfigurationPlatforms) = postSolution
		{AAB11379-0238-4AD1-A941-6D972D5E7F40}.Debug|Any CPU.ActiveCfg = Debug|Any CPU
		{AAB11379-0238-4AD1-A941-6D972D5E7F40}.Debug|Any CPU.Build.0 = Debug|Any CPU
		{AAB11379-0238-4AD1-A941-6D972D5E7F40}.Release|Any CPU.ActiveCfg = Release|Any CPU
		{AAB11379-0238-4AD1-A941-6D972D5E7F40}.Release|Any CPU.Build.0 = Release|Any CPU
	EndGlobalSection
	GlobalSection(SolutionProperties) = preSolution
		HideSolutionNode = FALSE
	EndGlobalSection
	GlobalSection(ExtensibilityGlobals) = postSolution
		SolutionGuid = {DAC277B4-A6C8-4A58-B0AA-A9E64F0C3DD7}
	EndGlobalSection
EndGlobal
